
Microsoft Visual Studio Solution File, Format Version 12.00
# Visual Studio Version 17
VisualStudioVersion = 17.5.33627.172
MinimumVisualStudioVersion = 10.0.40219.1
Project("{8BC9CEB8-8B4A-11D0-8D11-00A0C91BC942}") = "Inventory System", "Inventory System.vcxproj", "{95E522FF-2AAA-4594-8607-F854D7F80E4F}"
EndProject
Global
	GlobalSection(SolutionConfigurationPlatforms) = preSolution
		Debug|x64 = Debug|x64
		Debug|x86 = Debug|x86
		Release|x64 = Release|x64
		Release|x86 = Release|x86
	EndGlobalSection
	GlobalSection(ProjectConfigurationPlatforms) = postSolution
		{95E522FF-2AAA-4594-8607-F854D7F80E4F}.Debug|x64.ActiveCfg = Debug|x64
		{95E522FF-2AAA-4594-8607-F854D7F80E4F}.Debug|x64.Build.0 = Debug|x64
		{95E522FF-2AAA-4594-8607-F854D7F80E4F}.Debug|x86.ActiveCfg = Debug|Win32
		{95E522FF-2AAA-4594-8607-F854D7F80E4F}.Debug|x86.Build.0 = Debug|Win32
		{95E522FF-2AAA-4594-8607-F854D7F80E4F}.Release|x64.ActiveCfg = Release|x64
		{95E522FF-2AAA-4594-8607-F854D7F80E4F}.Release|x64.Build.0 = Release|x64
		{95E522FF-2AAA-4594-8607-F854D7F80E4F}.Release|x86.ActiveCfg = Release|Win32
		{95E522FF-2AAA-4594-8607-F854D7F80E4F}.Release|x86.Build.0 = Release|Win32
	EndGlobalSection
	GlobalSection(SolutionProperties) = preSolution
		HideSolutionNode = FALSE
	EndGlobalSection
	GlobalSection(ExtensibilityGlobals) = postSolution
		SolutionGuid = {B8620824-CF53-4C8E-A82D-FE6B10930AFC}
	EndGlobalSection
EndGlobal
